
Microsoft Visual Studio Solution File, Format Version 12.00
# Visual Studio Version 17
VisualStudioVersion = 17.11.35327.3
MinimumVisualStudioVersion = 10.0.40219.1
Project("{FAE04EC0-301F-11D3-BF4B-00C04F79EFBC}") = "demoForm", "demoForm\demoForm.csproj", "{D88AB33B-2504-42E2-ADF6-290AE304E619}"
EndProject
Global
	GlobalSection(SolutionConfigurationPlatforms) = preSolution
		Debug|Any CPU = Debug|Any CPU
		Release|Any CPU = Release|Any CPU
	EndGlobalSection
	GlobalSection(ProjectConfigurationPlatforms) = postSolution
		{D88AB33B-2504-42E2-ADF6-290AE304E619}.Debug|Any CPU.ActiveCfg = Debug|Any CPU
		{D88AB33B-2504-42E2-ADF6-290AE304E619}.Debug|Any CPU.Build.0 = Debug|Any CPU
		{D88AB33B-2504-42E2-ADF6-290AE304E619}.Release|Any CPU.ActiveCfg = Release|Any CPU
		{D88AB33B-2504-42E2-ADF6-290AE304E619}.Release|Any CPU.Build.0 = Release|Any CPU
	EndGlobalSection
	GlobalSection(SolutionProperties) = preSolution
		HideSolutionNode = FALSE
	EndGlobalSection
	GlobalSection(ExtensibilityGlobals) = postSolution
		SolutionGuid = {00E06CA1-50D9-45FD-9B27-4A408B0E47CB}
	EndGlobalSection
EndGlobal
