
Microsoft Visual Studio Solution File, Format Version 12.00
# Visual Studio Version 17
VisualStudioVersion = 17.11.35327.3
MinimumVisualStudioVersion = 10.0.40219.1
Project("{FAE04EC0-301F-11D3-BF4B-00C04F79EFBC}") = "dotnetNewWebApi_Helloword", "dotnetNewWebApi_Helloword\dotnetNewWebApi_Helloword.csproj", "{688F61F1-70D7-4CDA-A843-8F758F2CE82E}"
EndProject
Global
	GlobalSection(SolutionConfigurationPlatforms) = preSolution
		Debug|Any CPU = Debug|Any CPU
		Release|Any CPU = Release|Any CPU
	EndGlobalSection
	GlobalSection(ProjectConfigurationPlatforms) = postSolution
		{688F61F1-70D7-4CDA-A843-8F758F2CE82E}.Debug|Any CPU.ActiveCfg = Debug|Any CPU
		{688F61F1-70D7-4CDA-A843-8F758F2CE82E}.Debug|Any CPU.Build.0 = Debug|Any CPU
		{688F61F1-70D7-4CDA-A843-8F758F2CE82E}.Release|Any CPU.ActiveCfg = Release|Any CPU
		{688F61F1-70D7-4CDA-A843-8F758F2CE82E}.Release|Any CPU.Build.0 = Release|Any CPU
	EndGlobalSection
	GlobalSection(SolutionProperties) = preSolution
		HideSolutionNode = FALSE
	EndGlobalSection
	GlobalSection(ExtensibilityGlobals) = postSolution
		SolutionGuid = {DD36FB68-652B-4C30-BEE1-89B2B7205CDD}
	EndGlobalSection
EndGlobal
