
Microsoft Visual Studio Solution File, Format Version 12.00
# Visual Studio Version 17
VisualStudioVersion = 17.11.35327.3
MinimumVisualStudioVersion = 10.0.40219.1
Project("{FAE04EC0-301F-11D3-BF4B-00C04F79EFBC}") = "DemoClassCSharp", "DemoClassCSharp\DemoClassCSharp.csproj", "{E0EF5575-4E4E-44A6-AE4B-CA03573B7409}"
EndProject
Global
	GlobalSection(SolutionConfigurationPlatforms) = preSolution
		Debug|Any CPU = Debug|Any CPU
		Release|Any CPU = Release|Any CPU
	EndGlobalSection
	GlobalSection(ProjectConfigurationPlatforms) = postSolution
		{E0EF5575-4E4E-44A6-AE4B-CA03573B7409}.Debug|Any CPU.ActiveCfg = Debug|Any CPU
		{E0EF5575-4E4E-44A6-AE4B-CA03573B7409}.Debug|Any CPU.Build.0 = Debug|Any CPU
		{E0EF5575-4E4E-44A6-AE4B-CA03573B7409}.Release|Any CPU.ActiveCfg = Release|Any CPU
		{E0EF5575-4E4E-44A6-AE4B-CA03573B7409}.Release|Any CPU.Build.0 = Release|Any CPU
	EndGlobalSection
	GlobalSection(SolutionProperties) = preSolution
		HideSolutionNode = FALSE
	EndGlobalSection
	GlobalSection(ExtensibilityGlobals) = postSolution
		SolutionGuid = {6596FF62-1E14-496F-9555-61BE081C83B8}
	EndGlobalSection
EndGlobal
