
Microsoft Visual Studio Solution File, Format Version 12.00
# Visual Studio Version 17
VisualStudioVersion = 17.11.35327.3
MinimumVisualStudioVersion = 10.0.40219.1
Project("{FAE04EC0-301F-11D3-BF4B-00C04F79EFBC}") = "Interace", "Interace\Interace.csproj", "{676F05BC-1A37-406C-BC3E-FB6656A56DA1}"
EndProject
Global
	GlobalSection(SolutionConfigurationPlatforms) = preSolution
		Debug|Any CPU = Debug|Any CPU
		Release|Any CPU = Release|Any CPU
	EndGlobalSection
	GlobalSection(ProjectConfigurationPlatforms) = postSolution
		{676F05BC-1A37-406C-BC3E-FB6656A56DA1}.Debug|Any CPU.ActiveCfg = Debug|Any CPU
		{676F05BC-1A37-406C-BC3E-FB6656A56DA1}.Debug|Any CPU.Build.0 = Debug|Any CPU
		{676F05BC-1A37-406C-BC3E-FB6656A56DA1}.Release|Any CPU.ActiveCfg = Release|Any CPU
		{676F05BC-1A37-406C-BC3E-FB6656A56DA1}.Release|Any CPU.Build.0 = Release|Any CPU
	EndGlobalSection
	GlobalSection(SolutionProperties) = preSolution
		HideSolutionNode = FALSE
	EndGlobalSection
	GlobalSection(ExtensibilityGlobals) = postSolution
		SolutionGuid = {127ADD7E-8130-4199-BD79-7CBE61ECC586}
	EndGlobalSection
EndGlobal
